
Microsoft Visual Studio Solution File, Format Version 12.00
# Visual Studio Version 17
VisualStudioVersion = 17.8.34511.84
MinimumVisualStudioVersion = 10.0.40219.1
Project("{FAE04EC0-301F-11D3-BF4B-00C04F79EFBC}") = "Bloggie.Web", "Bloggie.Web\Bloggie.Web.csproj", "{C85F15FD-F1DD-41C1-9BE0-E4B233B70633}"
EndProject
Global
	GlobalSection(SolutionConfigurationPlatforms) = preSolution
		Debug|Any CPU = Debug|Any CPU
		Release|Any CPU = Release|Any CPU
	EndGlobalSection
	GlobalSection(ProjectConfigurationPlatforms) = postSolution
		{C85F15FD-F1DD-41C1-9BE0-E4B233B70633}.Debug|Any CPU.ActiveCfg = Debug|Any CPU
		{C85F15FD-F1DD-41C1-9BE0-E4B233B70633}.Debug|Any CPU.Build.0 = Debug|Any CPU
		{C85F15FD-F1DD-41C1-9BE0-E4B233B70633}.Release|Any CPU.ActiveCfg = Release|Any CPU
		{C85F15FD-F1DD-41C1-9BE0-E4B233B70633}.Release|Any CPU.Build.0 = Release|Any CPU
	EndGlobalSection
	GlobalSection(SolutionProperties) = preSolution
		HideSolutionNode = FALSE
	EndGlobalSection
	GlobalSection(ExtensibilityGlobals) = postSolution
		SolutionGuid = {8DA4539C-5D53-475E-9A18-3604D2489A27}
	EndGlobalSection
EndGlobal
